
Microsoft Visual Studio Solution File, Format Version 12.00
# Visual Studio Version 17
VisualStudioVersion = 17.10.35013.160
MinimumVisualStudioVersion = 10.0.40219.1
Project("{FAE04EC0-301F-11D3-BF4B-00C04F79EFBC}") = "Supplier-Screening-Server", "Supplier-Screening-Server.csproj", "{7D83362A-4402-459C-8497-41509C3D0F81}"
EndProject
Global
	GlobalSection(SolutionConfigurationPlatforms) = preSolution
		Debug|Any CPU = Debug|Any CPU
		Release|Any CPU = Release|Any CPU
	EndGlobalSection
	GlobalSection(ProjectConfigurationPlatforms) = postSolution
		{7D83362A-4402-459C-8497-41509C3D0F81}.Debug|Any CPU.ActiveCfg = Debug|Any CPU
		{7D83362A-4402-459C-8497-41509C3D0F81}.Debug|Any CPU.Build.0 = Debug|Any CPU
		{7D83362A-4402-459C-8497-41509C3D0F81}.Release|Any CPU.ActiveCfg = Release|Any CPU
		{7D83362A-4402-459C-8497-41509C3D0F81}.Release|Any CPU.Build.0 = Release|Any CPU
	EndGlobalSection
	GlobalSection(SolutionProperties) = preSolution
		HideSolutionNode = FALSE
	EndGlobalSection
	GlobalSection(ExtensibilityGlobals) = postSolution
		SolutionGuid = {1275B25C-2247-4C48-AFAC-AC473ECCF3A0}
	EndGlobalSection
EndGlobal
